github.com/starter-go/vlog v0.0.0-20220717141231-71498d1f5184 h1:HkOmqSZbE+I0kE336mxZdPYw85OwQs9lLDHwNB8AWe0=
github.com/starter-go/vlog v0.0.0-20220717141231-71498d1f5184/go.mod h1:bb4xDVyOD0+tAhaiscUmuzsFJ+/EL+qE79Je8U0ZqTQ=
github.com/starter-go/vlog v0.0.2 h1:7oT9RifO4/aAQrNGu98D9Ss0sk56bMP0iKo8B299gQ0=
github.com/starter-go/vlog v0.0.2/go.mod h1:WSaU9IGbEaDe/Eoh2W8JOjSn6wdjfGkgBbxJxaqUI/0=
github.com/starter-go/vlog v0.9.0 h1:RuWHk9dLb9JPKflDrROsYhjAkoxAHI7eZ3avHyJXtQw=
github.com/starter-go/vlog v0.9.0/go.mod h1:WSaU9IGbEaDe/Eoh2W8JOjSn6wdjfGkgBbxJxaqUI/0=
github.com/starter-go/vlog v0.9.5 h1:Rh5L8KjicweDjH5UDKVQzqG2Q9/y63G1TWHe8u6VZpk=
github.com/starter-go/vlog v0.9.5/go.mod h1:WSaU9IGbEaDe/Eoh2W8JOjSn6wdjfGkgBbxJxaqUI/0=
github.com/starter-go/vlog v0.9.7 h1:ysmWPxsJtgRxL5ht4abtWvJW9E7vLFAtuOOi/XtpSmY=
github.com/starter-go/vlog v0.9.7/go.mod h1:ywWUCfWNTqXrelvO4/3sQ04SCW4ClR3PiN3qpSlXhH0=
